
Microsoft Visual Studio Solution File, Format Version 12.00
# Visual Studio Version 17
VisualStudioVersion = 17.3.32901.215
MinimumVisualStudioVersion = 10.0.40219.1
Project("{F184B08F-C81C-45F6-A57F-5ABD9991F28F}") = "Interfaz Gráfica", "Interfaz Gráfica\Interfaz Gráfica.vbproj", "{FA575711-A71D-4B89-81B5-CF3C74CDADA6}"
EndProject
Project("{2150E333-8FDC-42A3-9474-1A3956D46DE8}") = "Solution Items", "Solution Items", "{34C70BF1-C68E-4274-A931-5B3662387080}"
	ProjectSection(SolutionItems) = preProject
		Class1.vb = Class1.vb
	EndProjectSection
EndProject
Global
	GlobalSection(SolutionConfigurationPlatforms) = preSolution
		Debug|Any CPU = Debug|Any CPU
		Release|Any CPU = Release|Any CPU
	EndGlobalSection
	GlobalSection(ProjectConfigurationPlatforms) = postSolution
		{FA575711-A71D-4B89-81B5-CF3C74CDADA6}.Debug|Any CPU.ActiveCfg = Debug|Any CPU
		{FA575711-A71D-4B89-81B5-CF3C74CDADA6}.Debug|Any CPU.Build.0 = Debug|Any CPU
		{FA575711-A71D-4B89-81B5-CF3C74CDADA6}.Release|Any CPU.ActiveCfg = Release|Any CPU
		{FA575711-A71D-4B89-81B5-CF3C74CDADA6}.Release|Any CPU.Build.0 = Release|Any CPU
	EndGlobalSection
	GlobalSection(SolutionProperties) = preSolution
		HideSolutionNode = FALSE
	EndGlobalSection
	GlobalSection(ExtensibilityGlobals) = postSolution
		SolutionGuid = {FB5CC0ED-9548-40BF-A2B0-1978FC54F2C7}
	EndGlobalSection
EndGlobal
